{
  "name": "@modularbot/types-jda",
  "version": "1.1.1",
  "lockfileVersion": 1,
  "requires": true,
  "dependencies": {
    "@modularbot/types-graal": {
      "version": "1.1.1",
      "resolved": "https://registry.npmjs.org/@modularbot/types-graal/-/types-graal-1.1.1.tgz",
      "integrity": "sha512-cRIbFhFOcE7H6kqE2g6sPRHeDv71UovoRjYr5IX126LfZl4o+1caw9/OXS+yZGjDTJql+sU1JSAraZoWh0sccQ=="
    }
  }
}
